
Microsoft Visual Studio Solution File, Format Version 12.00
# Visual Studio Version 17
VisualStudioVersion = 17.5.33627.172
MinimumVisualStudioVersion = 10.0.40219.1
Project("{FAE04EC0-301F-11D3-BF4B-00C04F79EFBC}") = "AssignmentWebApp", "AssignmentWebApp.csproj", "{7EB84CAD-9ACE-420D-8F4D-630939D4A1A3}"
EndProject
Global
	GlobalSection(SolutionConfigurationPlatforms) = preSolution
		Debug|Any CPU = Debug|Any CPU
		Release|Any CPU = Release|Any CPU
	EndGlobalSection
	GlobalSection(ProjectConfigurationPlatforms) = postSolution
		{7EB84CAD-9ACE-420D-8F4D-630939D4A1A3}.Debug|Any CPU.ActiveCfg = Debug|Any CPU
		{7EB84CAD-9ACE-420D-8F4D-630939D4A1A3}.Debug|Any CPU.Build.0 = Debug|Any CPU
		{7EB84CAD-9ACE-420D-8F4D-630939D4A1A3}.Release|Any CPU.ActiveCfg = Release|Any CPU
		{7EB84CAD-9ACE-420D-8F4D-630939D4A1A3}.Release|Any CPU.Build.0 = Release|Any CPU
	EndGlobalSection
	GlobalSection(SolutionProperties) = preSolution
		HideSolutionNode = FALSE
	EndGlobalSection
	GlobalSection(ExtensibilityGlobals) = postSolution
		SolutionGuid = {3CE3FBB5-AB53-4A26-A413-DE54262FD362}
	EndGlobalSection
EndGlobal
